// !$*UTF8*$!
{
	archiveVersion = 1;
	classes = {
	};
	objectVersion = 51;
	objects = {

/* Begin PBXBuildFile section */
		0B4D639A877EE21D58C3F9A5 /* Pods_ZO.framework in Frameworks */ = {isa = PBXBuildFile; fileRef = C9FBA078E03A54028C2049C6 /* Pods_ZO.framework */; };
		A61758EE27BF7E0C0067F750 /* RecommandGameView.swift in Sources */ = {isa = PBXBuildFile; fileRef = A61758ED27BF7E0C0067F750 /* RecommandGameView.swift */; };
		A61758F227BF7E650067F750 /* RecommandGameView.xib in Resources */ = {isa = PBXBuildFile; fileRef = A61758F127BF7E650067F750 /* RecommandGameView.xib */; };
		A61758F527BF8A0A0067F750 /* GameCollectionViewCell.swift in Sources */ = {isa = PBXBuildFile; fileRef = A61758F327BF8A0A0067F750 /* GameCollectionViewCell.swift */; };
		A61758F627BF8A0A0067F750 /* GameCollectionViewCell.xib in Resources */ = {isa = PBXBuildFile; fileRef = A61758F427BF8A0A0067F750 /* GameCollectionViewCell.xib */; };
		A6486AFE27BB868900BAD543 /* RecommandCycleView.swift in Sources */ = {isa = PBXBuildFile; fileRef = A6486AFD27BB868900BAD543 /* RecommandCycleView.swift */; };
		A6486B0127BB86F200BAD543 /* RecommandCycleView.xib in Resources */ = {isa = PBXBuildFile; fileRef = A6486B0027BB86F200BAD543 /* RecommandCycleView.xib */; };
		A64B387A27C0CB1A002C0089 /* GameViewController.swift in Sources */ = {isa = PBXBuildFile; fileRef = A64B387927C0CB1A002C0089 /* GameViewController.swift */; };
		A64B387D27C0D754002C0089 /* GameViewModel.swift in Sources */ = {isa = PBXBuildFile; fileRef = A64B387C27C0D754002C0089 /* GameViewModel.swift */; };
		A64B387F27C0D879002C0089 /* GameModel.swift in Sources */ = {isa = PBXBuildFile; fileRef = A64B387E27C0D879002C0089 /* GameModel.swift */; };
		A64B388127C0D9EC002C0089 /* BaseGameModel.swift in Sources */ = {isa = PBXBuildFile; fileRef = A64B388027C0D9EC002C0089 /* BaseGameModel.swift */; };
		A688BE4427C38FBD00E26C35 /* AmuseViewController.swift in Sources */ = {isa = PBXBuildFile; fileRef = A688BE4327C38FBD00E26C35 /* AmuseViewController.swift */; };
		A688BE4627C38FF700E26C35 /* BaseAnchorViewModel.swift in Sources */ = {isa = PBXBuildFile; fileRef = A688BE4527C38FF600E26C35 /* BaseAnchorViewModel.swift */; };
		A688BE4827C3A46400E26C35 /* BaseAnchorViewController.swift in Sources */ = {isa = PBXBuildFile; fileRef = A688BE4727C3A46400E26C35 /* BaseAnchorViewController.swift */; };
		A688BE4A27C3B1BB00E26C35 /* AmuseViewModel.swift in Sources */ = {isa = PBXBuildFile; fileRef = A688BE4927C3B1BB00E26C35 /* AmuseViewModel.swift */; };
		A688BE5427C4BCA200E26C35 /* AmuseMenuView.swift in Sources */ = {isa = PBXBuildFile; fileRef = A688BE5327C4BCA100E26C35 /* AmuseMenuView.swift */; };
		A688BE5627C4BCB700E26C35 /* AmuseMenuView.xib in Resources */ = {isa = PBXBuildFile; fileRef = A688BE5527C4BCB700E26C35 /* AmuseMenuView.xib */; };
		A688BE5E27C4C2B400E26C35 /* AmuseMenuCollectionViewCell.swift in Sources */ = {isa = PBXBuildFile; fileRef = A688BE5C27C4C2B400E26C35 /* AmuseMenuCollectionViewCell.swift */; };
		A688BE5F27C4C2B400E26C35 /* AmuseMenuCollectionViewCell.xib in Resources */ = {isa = PBXBuildFile; fileRef = A688BE5D27C4C2B400E26C35 /* AmuseMenuCollectionViewCell.xib */; };
		A6A9D5DB27BCEAEB00D5ED3E /* CycleModel.swift in Sources */ = {isa = PBXBuildFile; fileRef = A6A9D5DA27BCEAEB00D5ED3E /* CycleModel.swift */; };
		A6A9D5DE27BD133A00D5ED3E /* CycleCollectionViewCell.swift in Sources */ = {isa = PBXBuildFile; fileRef = A6A9D5DC27BD133A00D5ED3E /* CycleCollectionViewCell.swift */; };
		A6A9D5DF27BD133A00D5ED3E /* CyclelCollectionViewCell.xib in Resources */ = {isa = PBXBuildFile; fileRef = A6A9D5DD27BD133A00D5ED3E /* CyclelCollectionViewCell.xib */; };
		E409A9EB2639348A00167B98 /* README.md in Resources */ = {isa = PBXBuildFile; fileRef = E409A9EA2639348A00167B98 /* README.md */; };
		E409A9EE263938E200167B98 /* PageContentView.swift in Sources */ = {isa = PBXBuildFile; fileRef = E409A9ED263938E200167B98 /* PageContentView.swift */; };
		E409A9F126393D1500167B98 /* UIColor-Extension.swift in Sources */ = {isa = PBXBuildFile; fileRef = E409A9F026393D1500167B98 /* UIColor-Extension.swift */; };
		E468F4EE2658A15D000641B3 /* CollectionHeaderView.swift in Sources */ = {isa = PBXBuildFile; fileRef = E468F4EC2658A15D000641B3 /* CollectionHeaderView.swift */; };
		E468F4EF2658A15D000641B3 /* CollectionHeaderView.xib in Resources */ = {isa = PBXBuildFile; fileRef = E468F4ED2658A15D000641B3 /* CollectionHeaderView.xib */; };
		E47BAA5E265BA6AE0054A90B /* CollectionSpecialCell.swift in Sources */ = {isa = PBXBuildFile; fileRef = E47BAA5C265BA6AE0054A90B /* CollectionSpecialCell.swift */; };
		E47BAA5F265BA6AE0054A90B /* CollectionSpecialCell.xib in Resources */ = {isa = PBXBuildFile; fileRef = E47BAA5D265BA6AE0054A90B /* CollectionSpecialCell.xib */; };
		E47ECB05267991D300304F30 /* Log.swift in Sources */ = {isa = PBXBuildFile; fileRef = E47ECB04267991D300304F30 /* Log.swift */; };
		E4818DD0265E47590074C491 /* NetWorkTools.swift in Sources */ = {isa = PBXBuildFile; fileRef = E4818DCF265E47590074C491 /* NetWorkTools.swift */; };
		E49CFBC426550234001AAC5E /* RecommendViewConteoller.swift in Sources */ = {isa = PBXBuildFile; fileRef = E49CFBC326550234001AAC5E /* RecommendViewConteoller.swift */; };
		E4C62C59266E06BC0071396C /* NSDate-Extension.swift in Sources */ = {isa = PBXBuildFile; fileRef = E4C62C58266E06BC0071396C /* NSDate-Extension.swift */; };
		E4C62C5D266E0DF30071396C /* AnchorGroup.swift in Sources */ = {isa = PBXBuildFile; fileRef = E4C62C5C266E0DF30071396C /* AnchorGroup.swift */; };
		E4C62C61266E13540071396C /* SingleAnchor.swift in Sources */ = {isa = PBXBuildFile; fileRef = E4C62C60266E13540071396C /* SingleAnchor.swift */; };
		E4D1F393265F98E0003CBF90 /* RecommendViewModel.swift in Sources */ = {isa = PBXBuildFile; fileRef = E4D1F392265F98E0003CBF90 /* RecommendViewModel.swift */; };
		E4DA7E53265B76FE00650AEC /* CollectionNormalCell.swift in Sources */ = {isa = PBXBuildFile; fileRef = E4DA7E51265B76FE00650AEC /* CollectionNormalCell.swift */; };
		E4DA7E54265B76FE00650AEC /* CollectionNormalCell.xib in Resources */ = {isa = PBXBuildFile; fileRef = E4DA7E52265B76FE00650AEC /* CollectionNormalCell.xib */; };
		E4E46773262E7A61002AEC19 /* AppDelegate.swift in Sources */ = {isa = PBXBuildFile; fileRef = E4E46772262E7A61002AEC19 /* AppDelegate.swift */; };
		E4E46775262E7A61002AEC19 /* SceneDelegate.swift in Sources */ = {isa = PBXBuildFile; fileRef = E4E46774262E7A61002AEC19 /* SceneDelegate.swift */; };
		E4E46777262E7A61002AEC19 /* ViewController.swift in Sources */ = {isa = PBXBuildFile; fileRef = E4E46776262E7A61002AEC19 /* ViewController.swift */; };
		E4E4677D262E7A61002AEC19 /* ZO.xcdatamodeld in Sources */ = {isa = PBXBuildFile; fileRef = E4E4677B262E7A61002AEC19 /* ZO.xcdatamodeld */; };
		E4E4677F262E7A62002AEC19 /* Assets.xcassets in Resources */ = {isa = PBXBuildFile; fileRef = E4E4677E262E7A62002AEC19 /* Assets.xcassets */; };
		E4E46782262E7A62002AEC19 /* LaunchScreen.storyboard in Resources */ = {isa = PBXBuildFile; fileRef = E4E46780262E7A62002AEC19 /* LaunchScreen.storyboard */; };
		E4E46799262E9BFF002AEC19 /* Main.storyboard in Resources */ = {isa = PBXBuildFile; fileRef = E4E46798262E9BFF002AEC19 /* Main.storyboard */; };
		E4E93AA2262FF9E400C7E877 /* Home.storyboard in Resources */ = {isa = PBXBuildFile; fileRef = E4E93AA1262FF9E400C7E877 /* Home.storyboard */; };
		E4E93AA5262FFA2C00C7E877 /* Live.storyboard in Resources */ = {isa = PBXBuildFile; fileRef = E4E93AA4262FFA2C00C7E877 /* Live.storyboard */; };
		E4E93AA8262FFA7000C7E877 /* Follow.storyboard in Resources */ = {isa = PBXBuildFile; fileRef = E4E93AA7262FFA7000C7E877 /* Follow.storyboard */; };
		E4E93AB1262FFCEB00C7E877 /* Profile.storyboard in Resources */ = {isa = PBXBuildFile; fileRef = E4E93AB0262FFCEB00C7E877 /* Profile.storyboard */; };
		E4E93AB9262FFE7C00C7E877 /* MainViewController.swift in Sources */ = {isa = PBXBuildFile; fileRef = E4E93AB8262FFE7C00C7E877 /* MainViewController.swift */; };
		E4E93ABD263001D000C7E877 /* HomeViewController.swift in Sources */ = {isa = PBXBuildFile; fileRef = E4E93ABC263001D000C7E877 /* HomeViewController.swift */; };
		E4E93AC12630147F00C7E877 /* UIBarButtonItem-Extension.swift in Sources */ = {isa = PBXBuildFile; fileRef = E4E93AC02630147F00C7E877 /* UIBarButtonItem-Extension.swift */; };
		E4E93B272632B44600C7E877 /* PageTitleView.swift in Sources */ = {isa = PBXBuildFile; fileRef = E4E93B262632B44600C7E877 /* PageTitleView.swift */; };
		E4E93B2A2632B89400C7E877 /* Common.swift in Sources */ = {isa = PBXBuildFile; fileRef = E4E93B292632B89400C7E877 /* Common.swift */; };
/* End PBXBuildFile section */

/* Begin PBXFileReference section */
		03719577D6FFC8D013CF0AFB /* Pods-ZO.debug.xcconfig */ = {isa = PBXFileReference; includeInIndex = 1; lastKnownFileType = text.xcconfig; name = "Pods-ZO.debug.xcconfig"; path = "Target Support Files/Pods-ZO/Pods-ZO.debug.xcconfig"; sourceTree = "<group>"; };
		490EBEA7784C7AC8F38C910E /* Pods-ZO.release.xcconfig */ = {isa = PBXFileReference; includeInIndex = 1; lastKnownFileType = text.xcconfig; name = "Pods-ZO.release.xcconfig"; path = "Target Support Files/Pods-ZO/Pods-ZO.release.xcconfig"; sourceTree = "<group>"; };
		A61758ED27BF7E0C0067F750 /* RecommandGameView.swift */ = {isa = PBXFileReference; lastKnownFileType = sourcecode.swift; path = RecommandGameView.swift; sourceTree = "<group>"; };
		A61758F127BF7E650067F750 /* RecommandGameView.xib */ = {isa = PBXFileReference; lastKnownFileType = file.xib; path = RecommandGameView.xib; sourceTree = "<group>"; };
		A61758F327BF8A0A0067F750 /* GameCollectionViewCell.swift */ = {isa = PBXFileReference; lastKnownFileType = sourcecode.swift; path = GameCollectionViewCell.swift; sourceTree = "<group>"; };
		A61758F427BF8A0A0067F750 /* GameCollectionViewCell.xib */ = {isa = PBXFileReference; lastKnownFileType = file.xib; path = GameCollectionViewCell.xib; sourceTree = "<group>"; };
		A6486AFD27BB868900BAD543 /* RecommandCycleView.swift */ = {isa = PBXFileReference; lastKnownFileType = sourcecode.swift; path = RecommandCycleView.swift; sourceTree = "<group>"; };
		A6486B0027BB86F200BAD543 /* RecommandCycleView.xib */ = {isa = PBXFileReference; lastKnownFileType = file.xib; path = RecommandCycleView.xib; sourceTree = "<group>"; };
		A64B387927C0CB1A002C0089 /* GameViewController.swift */ = {isa = PBXFileReference; lastKnownFileType = sourcecode.swift; path = GameViewController.swift; sourceTree = "<group>"; };
		A64B387C27C0D754002C0089 /* GameViewModel.swift */ = {isa = PBXFileReference; lastKnownFileType = sourcecode.swift; path = GameViewModel.swift; sourceTree = "<group>"; };
		A64B387E27C0D879002C0089 /* GameModel.swift */ = {isa = PBXFileReference; lastKnownFileType = sourcecode.swift; path = GameModel.swift; sourceTree = "<group>"; };
		A64B388027C0D9EC002C0089 /* BaseGameModel.swift */ = {isa = PBXFileReference; lastKnownFileType = sourcecode.swift; path = BaseGameModel.swift; sourceTree = "<group>"; };
		A688BE4327C38FBD00E26C35 /* AmuseViewController.swift */ = {isa = PBXFileReference; lastKnownFileType = sourcecode.swift; path = AmuseViewController.swift; sourceTree = "<group>"; };
		A688BE4527C38FF600E26C35 /* BaseAnchorViewModel.swift */ = {isa = PBXFileReference; lastKnownFileType = sourcecode.swift; path = BaseAnchorViewModel.swift; sourceTree = "<group>"; };
		A688BE4727C3A46400E26C35 /* BaseAnchorViewController.swift */ = {isa = PBXFileReference; lastKnownFileType = sourcecode.swift; path = BaseAnchorViewController.swift; sourceTree = "<group>"; };
		A688BE4927C3B1BB00E26C35 /* AmuseViewModel.swift */ = {isa = PBXFileReference; lastKnownFileType = sourcecode.swift; path = AmuseViewModel.swift; sourceTree = "<group>"; };
		A688BE5327C4BCA100E26C35 /* AmuseMenuView.swift */ = {isa = PBXFileReference; lastKnownFileType = sourcecode.swift; path = AmuseMenuView.swift; sourceTree = "<group>"; };
		A688BE5527C4BCB700E26C35 /* AmuseMenuView.xib */ = {isa = PBXFileReference; lastKnownFileType = file.xib; path = AmuseMenuView.xib; sourceTree = "<group>"; };
		A688BE5C27C4C2B400E26C35 /* AmuseMenuCollectionViewCell.swift */ = {isa = PBXFileReference; lastKnownFileType = sourcecode.swift; path = AmuseMenuCollectionViewCell.swift; sourceTree = "<group>"; };
		A688BE5D27C4C2B400E26C35 /* AmuseMenuCollectionViewCell.xib */ = {isa = PBXFileReference; lastKnownFileType = file.xib; path = AmuseMenuCollectionViewCell.xib; sourceTree = "<group>"; };
		A6A9D5DA27BCEAEB00D5ED3E /* CycleModel.swift */ = {isa = PBXFileReference; lastKnownFileType = sourcecode.swift; path = CycleModel.swift; sourceTree = "<group>"; };
		A6A9D5DC27BD133A00D5ED3E /* CycleCollectionViewCell.swift */ = {isa = PBXFileReference; lastKnownFileType = sourcecode.swift; path = CycleCollectionViewCell.swift; sourceTree = "<group>"; };
		A6A9D5DD27BD133A00D5ED3E /* CyclelCollectionViewCell.xib */ = {isa = PBXFileReference; lastKnownFileType = file.xib; path = CyclelCollectionViewCell.xib; sourceTree = "<group>"; };
		C9FBA078E03A54028C2049C6 /* Pods_ZO.framework */ = {isa = PBXFileReference; explicitFileType = wrapper.framework; includeInIndex = 0; path = Pods_ZO.framework; sourceTree = BUILT_PRODUCTS_DIR; };
		E409A9EA2639348A00167B98 /* README.md */ = {isa = PBXFileReference; fileEncoding = 4; lastKnownFileType = net.daringfireball.markdown; path = README.md; sourceTree = "<group>"; };
		E409A9ED263938E200167B98 /* PageContentView.swift */ = {isa = PBXFileReference; lastKnownFileType = sourcecode.swift; path = PageContentView.swift; sourceTree = "<group>"; };
		E409A9F026393D1500167B98 /* UIColor-Extension.swift */ = {isa = PBXFileReference; lastKnownFileType = sourcecode.swift; path = "UIColor-Extension.swift"; sourceTree = "<group>"; };
		E468F4EC2658A15D000641B3 /* CollectionHeaderView.swift */ = {isa = PBXFileReference; lastKnownFileType = sourcecode.swift; path = CollectionHeaderView.swift; sourceTree = "<group>"; };
		E468F4ED2658A15D000641B3 /* CollectionHeaderView.xib */ = {isa = PBXFileReference; lastKnownFileType = file.xib; path = CollectionHeaderView.xib; sourceTree = "<group>"; };
		E47BAA5C265BA6AE0054A90B /* CollectionSpecialCell.swift */ = {isa = PBXFileReference; lastKnownFileType = sourcecode.swift; path = CollectionSpecialCell.swift; sourceTree = "<group>"; };
		E47BAA5D265BA6AE0054A90B /* CollectionSpecialCell.xib */ = {isa = PBXFileReference; lastKnownFileType = file.xib; path = CollectionSpecialCell.xib; sourceTree = "<group>"; };
		E47ECB04267991D300304F30 /* Log.swift */ = {isa = PBXFileReference; lastKnownFileType = sourcecode.swift; path = Log.swift; sourceTree = "<group>"; };
		E4818DCF265E47590074C491 /* NetWorkTools.swift */ = {isa = PBXFileReference; lastKnownFileType = sourcecode.swift; path = NetWorkTools.swift; sourceTree = "<group>"; };
		E49CFBC326550234001AAC5E /* RecommendViewConteoller.swift */ = {isa = PBXFileReference; lastKnownFileType = sourcecode.swift; path = RecommendViewConteoller.swift; sourceTree = "<group>"; };
		E4C62C58266E06BC0071396C /* NSDate-Extension.swift */ = {isa = PBXFileReference; lastKnownFileType = sourcecode.swift; path = "NSDate-Extension.swift"; sourceTree = "<group>"; };
		E4C62C5C266E0DF30071396C /* AnchorGroup.swift */ = {isa = PBXFileReference; lastKnownFileType = sourcecode.swift; path = AnchorGroup.swift; sourceTree = "<group>"; };
		E4C62C60266E13540071396C /* SingleAnchor.swift */ = {isa = PBXFileReference; lastKnownFileType = sourcecode.swift; path = SingleAnchor.swift; sourceTree = "<group>"; };
		E4D1F392265F98E0003CBF90 /* RecommendViewModel.swift */ = {isa = PBXFileReference; lastKnownFileType = sourcecode.swift; path = RecommendViewModel.swift; sourceTree = "<group>"; };
		E4DA7E51265B76FE00650AEC /* CollectionNormalCell.swift */ = {isa = PBXFileReference; lastKnownFileType = sourcecode.swift; path = CollectionNormalCell.swift; sourceTree = "<group>"; };
		E4DA7E52265B76FE00650AEC /* CollectionNormalCell.xib */ = {isa = PBXFileReference; lastKnownFileType = file.xib; path = CollectionNormalCell.xib; sourceTree = "<group>"; };
		E4E4676F262E7A61002AEC19 /* ZO.app */ = {isa = PBXFileReference; explicitFileType = wrapper.application; includeInIndex = 0; path = ZO.app; sourceTree = BUILT_PRODUCTS_DIR; };
		E4E46772262E7A61002AEC19 /* AppDelegate.swift */ = {isa = PBXFileReference; lastKnownFileType = sourcecode.swift; path = AppDelegate.swift; sourceTree = "<group>"; };
		E4E46774262E7A61002AEC19 /* SceneDelegate.swift */ = {isa = PBXFileReference; lastKnownFileType = sourcecode.swift; path = SceneDelegate.swift; sourceTree = "<group>"; };
		E4E46776262E7A61002AEC19 /* ViewController.swift */ = {isa = PBXFileReference; lastKnownFileType = sourcecode.swift; path = ViewController.swift; sourceTree = "<group>"; };
		E4E4677C262E7A61002AEC19 /* ZO.xcdatamodel */ = {isa = PBXFileReference; lastKnownFileType = wrapper.xcdatamodel; path = ZO.xcdatamodel; sourceTree = "<group>"; };
		E4E4677E262E7A62002AEC19 /* Assets.xcassets */ = {isa = PBXFileReference; lastKnownFileType = folder.assetcatalog; path = Assets.xcassets; sourceTree = "<group>"; };
		E4E46781262E7A62002AEC19 /* Base */ = {isa = PBXFileReference; lastKnownFileType = file.storyboard; name = Base; path = Base.lproj/LaunchScreen.storyboard; sourceTree = "<group>"; };
		E4E46783262E7A62002AEC19 /* Info.plist */ = {isa = PBXFileReference; lastKnownFileType = text.plist.xml; path = Info.plist; sourceTree = "<group>"; };
		E4E46798262E9BFF002AEC19 /* Main.storyboard */ = {isa = PBXFileReference; lastKnownFileType = file.storyboard; path = Main.storyboard; sourceTree = "<group>"; };
		E4E93AA1262FF9E400C7E877 /* Home.storyboard */ = {isa = PBXFileReference; fileEncoding = 4; lastKnownFileType = file.storyboard; path = Home.storyboard; sourceTree = "<group>"; };
		E4E93AA4262FFA2C00C7E877 /* Live.storyboard */ = {isa = PBXFileReference; fileEncoding = 4; lastKnownFileType = file.storyboard; path = Live.storyboard; sourceTree = "<group>"; };
		E4E93AA7262FFA7000C7E877 /* Follow.storyboard */ = {isa = PBXFileReference; fileEncoding = 4; lastKnownFileType = file.storyboard; name = Follow.storyboard; path = ZO/Classes/Follow/Follow.storyboard; sourceTree = SOURCE_ROOT; };
		E4E93AB0262FFCEB00C7E877 /* Profile.storyboard */ = {isa = PBXFileReference; fileEncoding = 4; lastKnownFileType = file.storyboard; path = Profile.storyboard; sourceTree = "<group>"; };
		E4E93AB8262FFE7C00C7E877 /* MainViewController.swift */ = {isa = PBXFileReference; lastKnownFileType = sourcecode.swift; path = MainViewController.swift; sourceTree = "<group>"; };
		E4E93ABC263001D000C7E877 /* HomeViewController.swift */ = {isa = PBXFileReference; lastKnownFileType = sourcecode.swift; path = HomeViewController.swift; sourceTree = "<group>"; };
		E4E93AC02630147F00C7E877 /* UIBarButtonItem-Extension.swift */ = {isa = PBXFileReference; lastKnownFileType = sourcecode.swift; path = "UIBarButtonItem-Extension.swift"; sourceTree = "<group>"; };
		E4E93B262632B44600C7E877 /* PageTitleView.swift */ = {isa = PBXFileReference; lastKnownFileType = sourcecode.swift; path = PageTitleView.swift; sourceTree = "<group>"; };
		E4E93B292632B89400C7E877 /* Common.swift */ = {isa = PBXFileReference; lastKnownFileType = sourcecode.swift; path = Common.swift; sourceTree = "<group>"; };
/* End PBXFileReference section */

/* Begin PBXFrameworksBuildPhase section */
		E4E4676C262E7A61002AEC19 /* Frameworks */ = {
			isa = PBXFrameworksBuildPhase;
			buildActionMask = 2147483647;
			files = (
				0B4D639A877EE21D58C3F9A5 /* Pods_ZO.framework in Frameworks */,
			);
			runOnlyForDeploymentPostprocessing = 0;
		};
/* End PBXFrameworksBuildPhase section */

/* Begin PBXGroup section */
		11320F26DCC214CFA984248E /* Pods */ = {
			isa = PBXGroup;
			children = (
				03719577D6FFC8D013CF0AFB /* Pods-ZO.debug.xcconfig */,
				490EBEA7784C7AC8F38C910E /* Pods-ZO.release.xcconfig */,
			);
			path = Pods;
			sourceTree = "<group>";
		};
		8D5BF603BEB3655F30B09E77 /* Frameworks */ = {
			isa = PBXGroup;
			children = (
				C9FBA078E03A54028C2049C6 /* Pods_ZO.framework */,
			);
			name = Frameworks;
			sourceTree = "<group>";
		};
		A61758EC27BF7DD20067F750 /* RecommandGameView */ = {
			isa = PBXGroup;
			children = (
				A61758ED27BF7E0C0067F750 /* RecommandGameView.swift */,
				A61758F127BF7E650067F750 /* RecommandGameView.xib */,
				A61758F327BF8A0A0067F750 /* GameCollectionViewCell.swift */,
				A61758F427BF8A0A0067F750 /* GameCollectionViewCell.xib */,
			);
			path = RecommandGameView;
			sourceTree = "<group>";
		};
		A6486AFF27BB86B400BAD543 /* RecommandCycleView */ = {
			isa = PBXGroup;
			children = (
				A6486AFD27BB868900BAD543 /* RecommandCycleView.swift */,
				A6486B0027BB86F200BAD543 /* RecommandCycleView.xib */,
				A6A9D5DC27BD133A00D5ED3E /* CycleCollectionViewCell.swift */,
				A6A9D5DD27BD133A00D5ED3E /* CyclelCollectionViewCell.xib */,
			);
			path = RecommandCycleView;
			sourceTree = "<group>";
		};
		A64B387827C0CA9B002C0089 /* RecommendViewConteoller */ = {
			isa = PBXGroup;
			children = (
				E468F4ED2658A15D000641B3 /* CollectionHeaderView.xib */,
				E468F4EC2658A15D000641B3 /* CollectionHeaderView.swift */,
				E49CFBC326550234001AAC5E /* RecommendViewConteoller.swift */,
				A61758EC27BF7DD20067F750 /* RecommandGameView */,
				A6486AFF27BB86B400BAD543 /* RecommandCycleView */,
			);
			path = RecommendViewConteoller;
			sourceTree = "<group>";
		};
		A64B387B27C0CB2A002C0089 /* GameViewController */ = {
			isa = PBXGroup;
			children = (
				A64B387927C0CB1A002C0089 /* GameViewController.swift */,
			);
			path = GameViewController;
			sourceTree = "<group>";
		};
		A688BE4227C38F8800E26C35 /* AmuseViewController */ = {
			isa = PBXGroup;
			children = (
				A688BE4327C38FBD00E26C35 /* AmuseViewController.swift */,
				A688BE5727C4C20200E26C35 /* AmuseMenuView */,
			);
			path = AmuseViewController;
			sourceTree = "<group>";
		};
		A688BE5727C4C20200E26C35 /* AmuseMenuView */ = {
			isa = PBXGroup;
			children = (
				A688BE5327C4BCA100E26C35 /* AmuseMenuView.swift */,
				A688BE5527C4BCB700E26C35 /* AmuseMenuView.xib */,
				A688BE5C27C4C2B400E26C35 /* AmuseMenuCollectionViewCell.swift */,
				A688BE5D27C4C2B400E26C35 /* AmuseMenuCollectionViewCell.xib */,
			);
			path = AmuseMenuView;
			sourceTree = "<group>";
		};
		E4C62C5B266E0DB70071396C /* Model */ = {
			isa = PBXGroup;
			children = (
				E4C62C5C266E0DF30071396C /* AnchorGroup.swift */,
				E4C62C60266E13540071396C /* SingleAnchor.swift */,
				A64B388027C0D9EC002C0089 /* BaseGameModel.swift */,
			);
			path = Model;
			sourceTree = "<group>";
		};
		E4D1F391265F94B3003CBF90 /* ViewModel */ = {
			isa = PBXGroup;
			children = (
				E4D1F392265F98E0003CBF90 /* RecommendViewModel.swift */,
				A688BE4927C3B1BB00E26C35 /* AmuseViewModel.swift */,
				A64B387C27C0D754002C0089 /* GameViewModel.swift */,
				A688BE4527C38FF600E26C35 /* BaseAnchorViewModel.swift */,
			);
			path = ViewModel;
			sourceTree = "<group>";
		};
		E4DA7E57265B7B5E00650AEC /* View */ = {
			isa = PBXGroup;
			children = (
				E4E93B262632B44600C7E877 /* PageTitleView.swift */,
				E409A9ED263938E200167B98 /* PageContentView.swift */,
				E4DA7E52265B76FE00650AEC /* CollectionNormalCell.xib */,
				E4DA7E51265B76FE00650AEC /* CollectionNormalCell.swift */,
				E47BAA5D265BA6AE0054A90B /* CollectionSpecialCell.xib */,
				E47BAA5C265BA6AE0054A90B /* CollectionSpecialCell.swift */,
			);
			path = View;
			sourceTree = "<group>";
		};
		E4E46766262E7A61002AEC19 = {
			isa = PBXGroup;
			children = (
				E409A9EA2639348A00167B98 /* README.md */,
				E4E46771262E7A61002AEC19 /* ZO */,
				E4E46770262E7A61002AEC19 /* Products */,
				11320F26DCC214CFA984248E /* Pods */,
				8D5BF603BEB3655F30B09E77 /* Frameworks */,
			);
			sourceTree = "<group>";
		};
		E4E46770262E7A61002AEC19 /* Products */ = {
			isa = PBXGroup;
			children = (
				E4E4676F262E7A61002AEC19 /* ZO.app */,
			);
			name = Products;
			sourceTree = "<group>";
		};
		E4E46771262E7A61002AEC19 /* ZO */ = {
			isa = PBXGroup;
			children = (
				E4E4678A262E7A83002AEC19 /* Classes */,
				E4E4678C262E7A83002AEC19 /* Tools */,
				E4E46772262E7A61002AEC19 /* AppDelegate.swift */,
				E4E46774262E7A61002AEC19 /* SceneDelegate.swift */,
				E4E46776262E7A61002AEC19 /* ViewController.swift */,
				E4E4677E262E7A62002AEC19 /* Assets.xcassets */,
				E4E46780262E7A62002AEC19 /* LaunchScreen.storyboard */,
				E4E46783262E7A62002AEC19 /* Info.plist */,
				E4E4677B262E7A61002AEC19 /* ZO.xcdatamodeld */,
			);
			path = ZO;
			sourceTree = "<group>";
		};
		E4E4678A262E7A83002AEC19 /* Classes */ = {
			isa = PBXGroup;
			children = (
				E4E4678B262E7A83002AEC19 /* Home */,
				E4E4678D262E7A83002AEC19 /* Follow */,
				E4E4678E262E7A83002AEC19 /* Profile */,
				E4E4678F262E7A83002AEC19 /* Live */,
				E4E46790262E7A83002AEC19 /* Main */,
			);
			path = Classes;
			sourceTree = "<group>";
		};
		E4E4678B262E7A83002AEC19 /* Home */ = {
			isa = PBXGroup;
			children = (
				E4E93AA1262FF9E400C7E877 /* Home.storyboard */,
				E4E93ABC263001D000C7E877 /* HomeViewController.swift */,
				A688BE4727C3A46400E26C35 /* BaseAnchorViewController.swift */,
				A64B387827C0CA9B002C0089 /* RecommendViewConteoller */,
				A64B387B27C0CB2A002C0089 /* GameViewController */,
				A688BE4227C38F8800E26C35 /* AmuseViewController */,
				E4D1F391265F94B3003CBF90 /* ViewModel */,
				E4E93ABB2630019100C7E877 /* Model */,
			);
			path = Home;
			sourceTree = "<group>";
		};
		E4E4678C262E7A83002AEC19 /* Tools */ = {
			isa = PBXGroup;
			children = (
				E4E93ABF2630143A00C7E877 /* Extension */,
				E4E93B292632B89400C7E877 /* Common.swift */,
				E4818DCF265E47590074C491 /* NetWorkTools.swift */,
				E47ECB04267991D300304F30 /* Log.swift */,
			);
			path = Tools;
			sourceTree = "<group>";
		};
		E4E4678D262E7A83002AEC19 /* Follow */ = {
			isa = PBXGroup;
			children = (
				E4E93AA7262FFA7000C7E877 /* Follow.storyboard */,
			);
			path = Follow;
			sourceTree = "<group>";
		};
		E4E4678E262E7A83002AEC19 /* Profile */ = {
			isa = PBXGroup;
			children = (
				E4E93AB0262FFCEB00C7E877 /* Profile.storyboard */,
			);
			path = Profile;
			sourceTree = "<group>";
		};
		E4E4678F262E7A83002AEC19 /* Live */ = {
			isa = PBXGroup;
			children = (
				E4E93AA4262FFA2C00C7E877 /* Live.storyboard */,
			);
			path = Live;
			sourceTree = "<group>";
		};
		E4E46790262E7A83002AEC19 /* Main */ = {
			isa = PBXGroup;
			children = (
				E4E46798262E9BFF002AEC19 /* Main.storyboard */,
				E4E93AB8262FFE7C00C7E877 /* MainViewController.swift */,
				E4C62C5B266E0DB70071396C /* Model */,
				E4DA7E57265B7B5E00650AEC /* View */,
			);
			path = Main;
			sourceTree = "<group>";
		};
		E4E93ABB2630019100C7E877 /* Model */ = {
			isa = PBXGroup;
			children = (
				A6A9D5DA27BCEAEB00D5ED3E /* CycleModel.swift */,
				A64B387E27C0D879002C0089 /* GameModel.swift */,
			);
			path = Model;
			sourceTree = "<group>";
		};
		E4E93ABF2630143A00C7E877 /* Extension */ = {
			isa = PBXGroup;
			children = (
				E4E93AC02630147F00C7E877 /* UIBarButtonItem-Extension.swift */,
				E4C62C58266E06BC0071396C /* NSDate-Extension.swift */,
				E409A9F026393D1500167B98 /* UIColor-Extension.swift */,
			);
			path = Extension;
			sourceTree = "<group>";
		};
/* End PBXGroup section */

/* Begin PBXNativeTarget section */
		E4E4676E262E7A61002AEC19 /* ZO */ = {
			isa = PBXNativeTarget;
			buildConfigurationList = E4E46786262E7A62002AEC19 /* Build configuration list for PBXNativeTarget "ZO" */;
			buildPhases = (
				65E3FCE33E16DAFDB6E161EC /* [CP] Check Pods Manifest.lock */,
				E4E4676B262E7A61002AEC19 /* Sources */,
				E4E4676C262E7A61002AEC19 /* Frameworks */,
				E4E4676D262E7A61002AEC19 /* Resources */,
				D8016E3A5A9094DB99A1A84A /* [CP] Embed Pods Frameworks */,
			);
			buildRules = (
			);
			dependencies = (
			);
			name = ZO;
			productName = ZO;
			productReference = E4E4676F262E7A61002AEC19 /* ZO.app */;
			productType = "com.apple.product-type.application";
		};
/* End PBXNativeTarget section */

/* Begin PBXProject section */
		E4E46767262E7A61002AEC19 /* Project object */ = {
			isa = PBXProject;
			attributes = {
				LastSwiftUpdateCheck = 1240;
				LastUpgradeCheck = 1240;
				TargetAttributes = {
					E4E4676E262E7A61002AEC19 = {
						CreatedOnToolsVersion = 12.4;
					};
				};
			};
			buildConfigurationList = E4E4676A262E7A61002AEC19 /* Build configuration list for PBXProject "ZO" */;
			compatibilityVersion = "Xcode 9.3";
			developmentRegion = en;
			hasScannedForEncodings = 0;
			knownRegions = (
				en,
				Base,
			);
			mainGroup = E4E46766262E7A61002AEC19;
			productRefGroup = E4E46770262E7A61002AEC19 /* Products */;
			projectDirPath = "";
			projectRoot = "";
			targets = (
				E4E4676E262E7A61002AEC19 /* ZO */,
			);
		};
/* End PBXProject section */

/* Begin PBXResourcesBuildPhase section */
		E4E4676D262E7A61002AEC19 /* Resources */ = {
			isa = PBXResourcesBuildPhase;
			buildActionMask = 2147483647;
			files = (
				E4E46782262E7A62002AEC19 /* LaunchScreen.storyboard in Resources */,
				E4E46799262E9BFF002AEC19 /* Main.storyboard in Resources */,
				E47BAA5F265BA6AE0054A90B /* CollectionSpecialCell.xib in Resources */,
				E4DA7E54265B76FE00650AEC /* CollectionNormalCell.xib in Resources */,
				E4E4677F262E7A62002AEC19 /* Assets.xcassets in Resources */,
				A6486B0127BB86F200BAD543 /* RecommandCycleView.xib in Resources */,
				E4E93AA5262FFA2C00C7E877 /* Live.storyboard in Resources */,
				A688BE5F27C4C2B400E26C35 /* AmuseMenuCollectionViewCell.xib in Resources */,
				E4E93AA2262FF9E400C7E877 /* Home.storyboard in Resources */,
				A6A9D5DF27BD133A00D5ED3E /* CyclelCollectionViewCell.xib in Resources */,
				A61758F227BF7E650067F750 /* RecommandGameView.xib in Resources */,
				E468F4EF2658A15D000641B3 /* CollectionHeaderView.xib in Resources */,
				A61758F627BF8A0A0067F750 /* GameCollectionViewCell.xib in Resources */,
				E4E93AB1262FFCEB00C7E877 /* Profile.storyboard in Resources */,
				A688BE5627C4BCB700E26C35 /* AmuseMenuView.xib in Resources */,
				E409A9EB2639348A00167B98 /* README.md in Resources */,
				E4E93AA8262FFA7000C7E877 /* Follow.storyboard in Resources */,
			);
			runOnlyForDeploymentPostprocessing = 0;
		};
/* End PBXResourcesBuildPhase section */

/* Begin PBXShellScriptBuildPhase section */
		65E3FCE33E16DAFDB6E161EC /* [CP] Check Pods Manifest.lock */ = {
			isa = PBXShellScriptBuildPhase;
			buildActionMask = 2147483647;
			files = (
			);
			inputFileListPaths = (
			);
			inputPaths = (
				"${PODS_PODFILE_DIR_PATH}/Podfile.lock",
				"${PODS_ROOT}/Manifest.lock",
			);
			name = "[CP] Check Pods Manifest.lock";
			outputFileListPaths = (
			);
			outputPaths = (
				"$(DERIVED_FILE_DIR)/Pods-ZO-checkManifestLockResult.txt",
			);
			runOnlyForDeploymentPostprocessing = 0;
			shellPath = /bin/sh;
			shellScript = "diff \"${PODS_PODFILE_DIR_PATH}/Podfile.lock\" \"${PODS_ROOT}/Manifest.lock\" > /dev/null\nif [ $? != 0 ] ; then\n    # print error to STDERR\n    echo \"error: The sandbox is not in sync with the Podfile.lock. Run 'pod install' or update your CocoaPods installation.\" >&2\n    exit 1\nfi\n# This output is used by Xcode 'outputs' to avoid re-running this script phase.\necho \"SUCCESS\" > \"${SCRIPT_OUTPUT_FILE_0}\"\n";
			showEnvVarsInLog = 0;
		};
		D8016E3A5A9094DB99A1A84A /* [CP] Embed Pods Frameworks */ = {
			isa = PBXShellScriptBuildPhase;
			buildActionMask = 2147483647;
			files = (
			);
			inputFileListPaths = (
				"${PODS_ROOT}/Target Support Files/Pods-ZO/Pods-ZO-frameworks-${CONFIGURATION}-input-files.xcfilelist",
			);
			name = "[CP] Embed Pods Frameworks";
			outputFileListPaths = (
				"${PODS_ROOT}/Target Support Files/Pods-ZO/Pods-ZO-frameworks-${CONFIGURATION}-output-files.xcfilelist",
			);
			runOnlyForDeploymentPostprocessing = 0;
			shellPath = /bin/sh;
			shellScript = "\"${PODS_ROOT}/Target Support Files/Pods-ZO/Pods-ZO-frameworks.sh\"\n";
			showEnvVarsInLog = 0;
		};
/* End PBXShellScriptBuildPhase section */

/* Begin PBXSourcesBuildPhase section */
		E4E4676B262E7A61002AEC19 /* Sources */ = {
			isa = PBXSourcesBuildPhase;
			buildActionMask = 2147483647;
			files = (
				E4E93B272632B44600C7E877 /* PageTitleView.swift in Sources */,
				E4E4677D262E7A61002AEC19 /* ZO.xcdatamodeld in Sources */,
				A61758EE27BF7E0C0067F750 /* RecommandGameView.swift in Sources */,
				E4D1F393265F98E0003CBF90 /* RecommendViewModel.swift in Sources */,
				A61758F527BF8A0A0067F750 /* GameCollectionViewCell.swift in Sources */,
				E4E46777262E7A61002AEC19 /* ViewController.swift in Sources */,
				E409A9EE263938E200167B98 /* PageContentView.swift in Sources */,
				E4E46773262E7A61002AEC19 /* AppDelegate.swift in Sources */,
				E47BAA5E265BA6AE0054A90B /* CollectionSpecialCell.swift in Sources */,
				A688BE5E27C4C2B400E26C35 /* AmuseMenuCollectionViewCell.swift in Sources */,
				E4E93B2A2632B89400C7E877 /* Common.swift in Sources */,
				E47ECB05267991D300304F30 /* Log.swift in Sources */,
				E4E46775262E7A61002AEC19 /* SceneDelegate.swift in Sources */,
				A688BE4427C38FBD00E26C35 /* AmuseViewController.swift in Sources */,
				A6486AFE27BB868900BAD543 /* RecommandCycleView.swift in Sources */,
				A64B387A27C0CB1A002C0089 /* GameViewController.swift in Sources */,
				A64B387F27C0D879002C0089 /* GameModel.swift in Sources */,
				E4818DD0265E47590074C491 /* NetWorkTools.swift in Sources */,
				E4C62C59266E06BC0071396C /* NSDate-Extension.swift in Sources */,
				E468F4EE2658A15D000641B3 /* CollectionHeaderView.swift in Sources */,
				E4DA7E53265B76FE00650AEC /* CollectionNormalCell.swift in Sources */,
				A688BE4A27C3B1BB00E26C35 /* AmuseViewModel.swift in Sources */,
				E4E93AB9262FFE7C00C7E877 /* MainViewController.swift in Sources */,
				A688BE4827C3A46400E26C35 /* BaseAnchorViewController.swift in Sources */,
				E4E93ABD263001D000C7E877 /* HomeViewController.swift in Sources */,
				A688BE4627C38FF700E26C35 /* BaseAnchorViewModel.swift in Sources */,
				A64B387D27C0D754002C0089 /* GameViewModel.swift in Sources */,
				A6A9D5DE27BD133A00D5ED3E /* CycleCollectionViewCell.swift in Sources */,
				A688BE5427C4BCA200E26C35 /* AmuseMenuView.swift in Sources */,
				E49CFBC426550234001AAC5E /* RecommendViewConteoller.swift in Sources */,
				A64B388127C0D9EC002C0089 /* BaseGameModel.swift in Sources */,
				E4E93AC12630147F00C7E877 /* UIBarButtonItem-Extension.swift in Sources */,
				E409A9F126393D1500167B98 /* UIColor-Extension.swift in Sources */,
				E4C62C61266E13540071396C /* SingleAnchor.swift in Sources */,
				A6A9D5DB27BCEAEB00D5ED3E /* CycleModel.swift in Sources */,
				E4C62C5D266E0DF30071396C /* AnchorGroup.swift in Sources */,
			);
			runOnlyForDeploymentPostprocessing = 0;
		};
/* End PBXSourcesBuildPhase section */

/* Begin PBXVariantGroup section */
		E4E46780262E7A62002AEC19 /* LaunchScreen.storyboard */ = {
			isa = PBXVariantGroup;
			children = (
				E4E46781262E7A62002AEC19 /* Base */,
			);
			name = LaunchScreen.storyboard;
			sourceTree = "<group>";
		};
/* End PBXVariantGroup section */

/* Begin XCBuildConfiguration section */
		E4E46784262E7A62002AEC19 /* Debug */ = {
			isa = XCBuildConfiguration;
			buildSettings = {
				ALWAYS_SEARCH_USER_PATHS = NO;
				CLANG_ANALYZER_NONNULL = YES;
				CLANG_ANALYZER_NUMBER_OBJECT_CONVERSION = YES_AGGRESSIVE;
				CLANG_CXX_LANGUAGE_STANDARD = "gnu++14";
				CLANG_CXX_LIBRARY = "libc++";
				CLANG_ENABLE_MODULES = YES;
				CLANG_ENABLE_OBJC_ARC = YES;
				CLANG_ENABLE_OBJC_WEAK = YES;
				CLANG_WARN_BLOCK_CAPTURE_AUTORELEASING = YES;
				CLANG_WARN_BOOL_CONVERSION = YES;
				CLANG_WARN_COMMA = YES;
				CLANG_WARN_CONSTANT_CONVERSION = YES;
				CLANG_WARN_DEPRECATED_OBJC_IMPLEMENTATIONS = YES;
				CLANG_WARN_DIRECT_OBJC_ISA_USAGE = YES_ERROR;
				CLANG_WARN_DOCUMENTATION_COMMENTS = YES;
				CLANG_WARN_EMPTY_BODY = YES;
				CLANG_WARN_ENUM_CONVERSION = YES;
				CLANG_WARN_INFINITE_RECURSION = YES;
				CLANG_WARN_INT_CONVERSION = YES;
				CLANG_WARN_NON_LITERAL_NULL_CONVERSION = YES;
				CLANG_WARN_OBJC_IMPLICIT_RETAIN_SELF = YES;
				CLANG_WARN_OBJC_LITERAL_CONVERSION = YES;
				CLANG_WARN_OBJC_ROOT_CLASS = YES_ERROR;
				CLANG_WARN_QUOTED_INCLUDE_IN_FRAMEWORK_HEADER = YES;
				CLANG_WARN_RANGE_LOOP_ANALYSIS = YES;
				CLANG_WARN_STRICT_PROTOTYPES = YES;
				CLANG_WARN_SUSPICIOUS_MOVE = YES;
				CLANG_WARN_UNGUARDED_AVAILABILITY = YES_AGGRESSIVE;
				CLANG_WARN_UNREACHABLE_CODE = YES;
				CLANG_WARN__DUPLICATE_METHOD_MATCH = YES;
				COPY_PHASE_STRIP = NO;
				DEBUG_INFORMATION_FORMAT = dwarf;
				ENABLE_STRICT_OBJC_MSGSEND = YES;
				ENABLE_TESTABILITY = YES;
				GCC_C_LANGUAGE_STANDARD = gnu11;
				GCC_DYNAMIC_NO_PIC = NO;
				GCC_NO_COMMON_BLOCKS = YES;
				GCC_OPTIMIZATION_LEVEL = 0;
				GCC_PREPROCESSOR_DEFINITIONS = (
					"DEBUG=1",
					"$(inherited)",
				);
				GCC_WARN_64_TO_32_BIT_CONVERSION = YES;
				GCC_WARN_ABOUT_RETURN_TYPE = YES_ERROR;
				GCC_WARN_UNDECLARED_SELECTOR = YES;
				GCC_WARN_UNINITIALIZED_AUTOS = YES_AGGRESSIVE;
				GCC_WARN_UNUSED_FUNCTION = YES;
				GCC_WARN_UNUSED_VARIABLE = YES;
				IPHONEOS_DEPLOYMENT_TARGET = 14.1;
				MTL_ENABLE_DEBUG_INFO = INCLUDE_SOURCE;
				MTL_FAST_MATH = YES;
				ONLY_ACTIVE_ARCH = YES;
				SDKROOT = iphoneos;
				SWIFT_ACTIVE_COMPILATION_CONDITIONS = DEBUG;
				SWIFT_OPTIMIZATION_LEVEL = "-Onone";
			};
			name = Debug;
		};
		E4E46785262E7A62002AEC19 /* Release */ = {
			isa = XCBuildConfiguration;
			buildSettings = {
				ALWAYS_SEARCH_USER_PATHS = NO;
				CLANG_ANALYZER_NONNULL = YES;
				CLANG_ANALYZER_NUMBER_OBJECT_CONVERSION = YES_AGGRESSIVE;
				CLANG_CXX_LANGUAGE_STANDARD = "gnu++14";
				CLANG_CXX_LIBRARY = "libc++";
				CLANG_ENABLE_MODULES = YES;
				CLANG_ENABLE_OBJC_ARC = YES;
				CLANG_ENABLE_OBJC_WEAK = YES;
				CLANG_WARN_BLOCK_CAPTURE_AUTORELEASING = YES;
				CLANG_WARN_BOOL_CONVERSION = YES;
				CLANG_WARN_COMMA = YES;
				CLANG_WARN_CONSTANT_CONVERSION = YES;
				CLANG_WARN_DEPRECATED_OBJC_IMPLEMENTATIONS = YES;
				CLANG_WARN_DIRECT_OBJC_ISA_USAGE = YES_ERROR;
				CLANG_WARN_DOCUMENTATION_COMMENTS = YES;
				CLANG_WARN_EMPTY_BODY = YES;
				CLANG_WARN_ENUM_CONVERSION = YES;
				CLANG_WARN_INFINITE_RECURSION = YES;
				CLANG_WARN_INT_CONVERSION = YES;
				CLANG_WARN_NON_LITERAL_NULL_CONVERSION = YES;
				CLANG_WARN_OBJC_IMPLICIT_RETAIN_SELF = YES;
				CLANG_WARN_OBJC_LITERAL_CONVERSION = YES;
				CLANG_WARN_OBJC_ROOT_CLASS = YES_ERROR;
				CLANG_WARN_QUOTED_INCLUDE_IN_FRAMEWORK_HEADER = YES;
				CLANG_WARN_RANGE_LOOP_ANALYSIS = YES;
				CLANG_WARN_STRICT_PROTOTYPES = YES;
				CLANG_WARN_SUSPICIOUS_MOVE = YES;
				CLANG_WARN_UNGUARDED_AVAILABILITY = YES_AGGRESSIVE;
				CLANG_WARN_UNREACHABLE_CODE = YES;
				CLANG_WARN__DUPLICATE_METHOD_MATCH = YES;
				COPY_PHASE_STRIP = NO;
				DEBUG_INFORMATION_FORMAT = "dwarf-with-dsym";
				ENABLE_NS_ASSERTIONS = NO;
				ENABLE_STRICT_OBJC_MSGSEND = YES;
				GCC_C_LANGUAGE_STANDARD = gnu11;
				GCC_NO_COMMON_BLOCKS = YES;
				GCC_WARN_64_TO_32_BIT_CONVERSION = YES;
				GCC_WARN_ABOUT_RETURN_TYPE = YES_ERROR;
				GCC_WARN_UNDECLARED_SELECTOR = YES;
				GCC_WARN_UNINITIALIZED_AUTOS = YES_AGGRESSIVE;
				GCC_WARN_UNUSED_FUNCTION = YES;
				GCC_WARN_UNUSED_VARIABLE = YES;
				IPHONEOS_DEPLOYMENT_TARGET = 14.1;
				MTL_ENABLE_DEBUG_INFO = NO;
				MTL_FAST_MATH = YES;
				SDKROOT = iphoneos;
				SWIFT_COMPILATION_MODE = wholemodule;
				SWIFT_OPTIMIZATION_LEVEL = "-O";
				VALIDATE_PRODUCT = YES;
			};
			name = Release;
		};
		E4E46787262E7A62002AEC19 /* Debug */ = {
			isa = XCBuildConfiguration;
			baseConfigurationReference = 03719577D6FFC8D013CF0AFB /* Pods-ZO.debug.xcconfig */;
			buildSettings = {
				ASSETCATALOG_COMPILER_APPICON_NAME = AppIcon;
				ASSETCATALOG_COMPILER_GLOBAL_ACCENT_COLOR_NAME = AccentColor;
				ASSETCATALOG_COMPILER_LAUNCHIMAGE_NAME = "";
				CODE_SIGN_IDENTITY = "Apple Development";
				CODE_SIGN_STYLE = Automatic;
				DEVELOPMENT_TEAM = 8SGCASK6DU;
				INFOPLIST_FILE = ZO/Info.plist;
				IPHONEOS_DEPLOYMENT_TARGET = 15.0;
				LD_RUNPATH_SEARCH_PATHS = (
					"$(inherited)",
					"@executable_path/Frameworks",
				);
				PRODUCT_BUNDLE_IDENTIFIER = fan.ZO;
				PRODUCT_NAME = "$(TARGET_NAME)";
				PROVISIONING_PROFILE_SPECIFIER = "";
				SWIFT_VERSION = 5.0;
				TARGETED_DEVICE_FAMILY = 1;
			};
			name = Debug;
		};
		E4E46788262E7A62002AEC19 /* Release */ = {
			isa = XCBuildConfiguration;
			baseConfigurationReference = 490EBEA7784C7AC8F38C910E /* Pods-ZO.release.xcconfig */;
			buildSettings = {
				ASSETCATALOG_COMPILER_APPICON_NAME = AppIcon;
				ASSETCATALOG_COMPILER_GLOBAL_ACCENT_COLOR_NAME = AccentColor;
				ASSETCATALOG_COMPILER_LAUNCHIMAGE_NAME = "";
				CODE_SIGN_IDENTITY = "Apple Development";
				CODE_SIGN_STYLE = Automatic;
				DEVELOPMENT_TEAM = 8SGCASK6DU;
				INFOPLIST_FILE = ZO/Info.plist;
				IPHONEOS_DEPLOYMENT_TARGET = 15.0;
				LD_RUNPATH_SEARCH_PATHS = (
					"$(inherited)",
					"@executable_path/Frameworks",
				);
				PRODUCT_BUNDLE_IDENTIFIER = fan.ZO;
				PRODUCT_NAME = "$(TARGET_NAME)";
				PROVISIONING_PROFILE_SPECIFIER = "";
				SWIFT_VERSION = 5.0;
				TARGETED_DEVICE_FAMILY = 1;
			};
			name = Release;
		};
/* End XCBuildConfiguration section */

/* Begin XCConfigurationList section */
		E4E4676A262E7A61002AEC19 /* Build configuration list for PBXProject "ZO" */ = {
			isa = XCConfigurationList;
			buildConfigurations = (
				E4E46784262E7A62002AEC19 /* Debug */,
				E4E46785262E7A62002AEC19 /* Release */,
			);
			defaultConfigurationIsVisible = 0;
			defaultConfigurationName = Release;
		};
		E4E46786262E7A62002AEC19 /* Build configuration list for PBXNativeTarget "ZO" */ = {
			isa = XCConfigurationList;
			buildConfigurations = (
				E4E46787262E7A62002AEC19 /* Debug */,
				E4E46788262E7A62002AEC19 /* Release */,
			);
			defaultConfigurationIsVisible = 0;
			defaultConfigurationName = Release;
		};
/* End XCConfigurationList section */

/* Begin XCVersionGroup section */
		E4E4677B262E7A61002AEC19 /* ZO.xcdatamodeld */ = {
			isa = XCVersionGroup;
			children = (
				E4E4677C262E7A61002AEC19 /* ZO.xcdatamodel */,
			);
			currentVersion = E4E4677C262E7A61002AEC19 /* ZO.xcdatamodel */;
			path = ZO.xcdatamodeld;
			sourceTree = "<group>";
			versionGroupType = wrapper.xcdatamodel;
		};
/* End XCVersionGroup section */
	};
	rootObject = E4E46767262E7A61002AEC19 /* Project object */;
}
